
Microsoft Visual Studio Solution File, Format Version 12.00
# Visual Studio Version 17
VisualStudioVersion = 17.2.32314.265
MinimumVisualStudioVersion = 10.0.40219.1
Project("{9A19103F-16F7-4668-BE54-9A1E7A4F7556}") = "MAK.Lib.Core", "MAK.Lib.Core.csproj", "{120FD1A0-A0ED-4C05-953B-F0BB41846C51}"
EndProject
Global
	GlobalSection(SolutionConfigurationPlatforms) = preSolution
		Debug|Any CPU = Debug|Any CPU
		Release|Any CPU = Release|Any CPU
	EndGlobalSection
	GlobalSection(ProjectConfigurationPlatforms) = postSolution
		{120FD1A0-A0ED-4C05-953B-F0BB41846C51}.Debug|Any CPU.ActiveCfg = Debug|Any CPU
		{120FD1A0-A0ED-4C05-953B-F0BB41846C51}.Debug|Any CPU.Build.0 = Debug|Any CPU
		{120FD1A0-A0ED-4C05-953B-F0BB41846C51}.Release|Any CPU.ActiveCfg = Release|Any CPU
		{120FD1A0-A0ED-4C05-953B-F0BB41846C51}.Release|Any CPU.Build.0 = Release|Any CPU
	EndGlobalSection
	GlobalSection(SolutionProperties) = preSolution
		HideSolutionNode = FALSE
	EndGlobalSection
	GlobalSection(ExtensibilityGlobals) = postSolution
		SolutionGuid = {BBA6ABE1-1F3B-4DED-BCDE-6A9F170C52AD}
	EndGlobalSection
EndGlobal
