
Microsoft Visual Studio Solution File, Format Version 12.00
# Visual Studio Version 16
VisualStudioVersion = 16.0.31624.102
MinimumVisualStudioVersion = 10.0.40219.1
Project("{FAE04EC0-301F-11D3-BF4B-00C04F79EFBC}") = "MAK.Lib.Core", "MAK.Lib.Core\MAK.Lib.Core.csproj", "{2A0C84F3-4E0E-4844-B8BC-8B34EABCE9C6}"
EndProject
Project("{2150E333-8FDC-42A3-9474-1A3956D46DE8}") = "Solution Items", "Solution Items", "{E8BC7347-62A7-46AD-9F58-5C4B60AD9AFF}"
	ProjectSection(SolutionItems) = preProject
		.editorconfig = .editorconfig
		docs\Record.cs = docs\Record.cs
	EndProjectSection
EndProject
Global
	GlobalSection(SolutionConfigurationPlatforms) = preSolution
		Debug|Any CPU = Debug|Any CPU
		Release|Any CPU = Release|Any CPU
	EndGlobalSection
	GlobalSection(ProjectConfigurationPlatforms) = postSolution
		{2A0C84F3-4E0E-4844-B8BC-8B34EABCE9C6}.Debug|Any CPU.ActiveCfg = Debug|Any CPU
		{2A0C84F3-4E0E-4844-B8BC-8B34EABCE9C6}.Debug|Any CPU.Build.0 = Debug|Any CPU
		{2A0C84F3-4E0E-4844-B8BC-8B34EABCE9C6}.Release|Any CPU.ActiveCfg = Release|Any CPU
		{2A0C84F3-4E0E-4844-B8BC-8B34EABCE9C6}.Release|Any CPU.Build.0 = Release|Any CPU
	EndGlobalSection
	GlobalSection(SolutionProperties) = preSolution
		HideSolutionNode = FALSE
	EndGlobalSection
	GlobalSection(ExtensibilityGlobals) = postSolution
		SolutionGuid = {69DCE23A-96DE-4150-B852-0DF508B49EB9}
	EndGlobalSection
EndGlobal
